
Microsoft Visual Studio Solution File, Format Version 12.00
# Visual Studio Version 17
VisualStudioVersion = 17.13.35818.85 d17.13
MinimumVisualStudioVersion = 10.0.40219.1
Project("{FAE04EC0-301F-11D3-BF4B-00C04F79EFBC}") = "TaskManagment", "TaskManagment\TaskManagment.csproj", "{43A6F061-F5CA-4F47-91B6-71F93718F2CE}"
EndProject
Global
	GlobalSection(SolutionConfigurationPlatforms) = preSolution
		Debug|Any CPU = Debug|Any CPU
		Release|Any CPU = Release|Any CPU
	EndGlobalSection
	GlobalSection(ProjectConfigurationPlatforms) = postSolution
		{43A6F061-F5CA-4F47-91B6-71F93718F2CE}.Debug|Any CPU.ActiveCfg = Debug|Any CPU
		{43A6F061-F5CA-4F47-91B6-71F93718F2CE}.Debug|Any CPU.Build.0 = Debug|Any CPU
		{43A6F061-F5CA-4F47-91B6-71F93718F2CE}.Release|Any CPU.ActiveCfg = Release|Any CPU
		{43A6F061-F5CA-4F47-91B6-71F93718F2CE}.Release|Any CPU.Build.0 = Release|Any CPU
	EndGlobalSection
	GlobalSection(SolutionProperties) = preSolution
		HideSolutionNode = FALSE
	EndGlobalSection
	GlobalSection(ExtensibilityGlobals) = postSolution
		SolutionGuid = {576BB40E-988C-4491-B3CD-808D02322D9B}
	EndGlobalSection
EndGlobal
